Microsoft Visual Studio Solution File, Format Version 12.00
# Visual Studio Version 17
VisualStudioVersion = 17.5.2.0
MinimumVisualStudioVersion = 10.0.40219.1
Project("{FAE04EC0-301F-11D3-BF4B-00C04F79EFBC}") = "MultipleChoiceGrader", "MultipleChoiceGrader.csproj", "{72A77339-8DB9-8BE3-100F-17355B48779F}"
EndProject
Global
	GlobalSection(SolutionConfigurationPlatforms) = preSolution
		Debug|Any CPU = Debug|Any CPU
		Release|Any CPU = Release|Any CPU
	EndGlobalSection
	GlobalSection(ProjectConfigurationPlatforms) = postSolution
		{72A77339-8DB9-8BE3-100F-17355B48779F}.Debug|Any CPU.ActiveCfg = Debug|Any CPU
		{72A77339-8DB9-8BE3-100F-17355B48779F}.Debug|Any CPU.Build.0 = Debug|Any CPU
		{72A77339-8DB9-8BE3-100F-17355B48779F}.Release|Any CPU.ActiveCfg = Release|Any CPU
		{72A77339-8DB9-8BE3-100F-17355B48779F}.Release|Any CPU.Build.0 = Release|Any CPU
	EndGlobalSection
	GlobalSection(SolutionProperties) = preSolution
		HideSolutionNode = FALSE
	EndGlobalSection
	GlobalSection(ExtensibilityGlobals) = postSolution
		SolutionGuid = {8AEA1227-7B5D-4C4B-95D4-D888B2794107}
	EndGlobalSection
EndGlobal
